
Microsoft Visual Studio Solution File, Format Version 12.00
# Visual Studio Version 17
VisualStudioVersion = 17.5.002.0
MinimumVisualStudioVersion = 10.0.40219.1
Project("{9A19103F-16F7-4668-BE54-9A1E7A4F7556}") = "RetrievalAugmentedGeneration", "RetrievalAugmentedGeneration.csproj", "{9C24B14C-B1CA-4227-9B84-3EDAF6E1B27B}"
EndProject
Global
	GlobalSection(SolutionConfigurationPlatforms) = preSolution
		Debug|Any CPU = Debug|Any CPU
		Release|Any CPU = Release|Any CPU
	EndGlobalSection
	GlobalSection(ProjectConfigurationPlatforms) = postSolution
		{9C24B14C-B1CA-4227-9B84-3EDAF6E1B27B}.Debug|Any CPU.ActiveCfg = Debug|Any CPU
		{9C24B14C-B1CA-4227-9B84-3EDAF6E1B27B}.Debug|Any CPU.Build.0 = Debug|Any CPU
		{9C24B14C-B1CA-4227-9B84-3EDAF6E1B27B}.Release|Any CPU.ActiveCfg = Release|Any CPU
		{9C24B14C-B1CA-4227-9B84-3EDAF6E1B27B}.Release|Any CPU.Build.0 = Release|Any CPU
	EndGlobalSection
	GlobalSection(SolutionProperties) = preSolution
		HideSolutionNode = FALSE
	EndGlobalSection
	GlobalSection(ExtensibilityGlobals) = postSolution
		SolutionGuid = {3D9BD678-B336-4E15-8950-C79A4FA5ADD4}
	EndGlobalSection
EndGlobal
